
Microsoft Visual Studio Solution File, Format Version 12.00
# Visual Studio 15
VisualStudioVersion = 15.0.28307.271
MinimumVisualStudioVersion = 10.0.40219.1
Project("{FAE04EC0-301F-11D3-BF4B-00C04F79EFBC}") = "AspNet.WebHooks.Custom.MongoStorage", "AspNet.WebHooks.Custom.MongoStorage\AspNet.WebHooks.Custom.MongoStorage.csproj", "{5B482422-C5DA-4D99-8A0A-D2D9750327A0}"
EndProject
Global
	GlobalSection(SolutionConfigurationPlatforms) = preSolution
		Debug|Any CPU = Debug|Any CPU
		Release|Any CPU = Release|Any CPU
	EndGlobalSection
	GlobalSection(ProjectConfigurationPlatforms) = postSolution
		{5B482422-C5DA-4D99-8A0A-D2D9750327A0}.Debug|Any CPU.ActiveCfg = Debug|Any CPU
		{5B482422-C5DA-4D99-8A0A-D2D9750327A0}.Debug|Any CPU.Build.0 = Debug|Any CPU
		{5B482422-C5DA-4D99-8A0A-D2D9750327A0}.Release|Any CPU.ActiveCfg = Release|Any CPU
		{5B482422-C5DA-4D99-8A0A-D2D9750327A0}.Release|Any CPU.Build.0 = Release|Any CPU
	EndGlobalSection
	GlobalSection(SolutionProperties) = preSolution
		HideSolutionNode = FALSE
	EndGlobalSection
	GlobalSection(ExtensibilityGlobals) = postSolution
		SolutionGuid = {9439EA2D-398A-423C-A72D-3A4E4926894F}
	EndGlobalSection
EndGlobal
